<?xml version="1.0" encoding="utf-8"?>
<Project ToolsVersion="4.0" xmlns="http://schemas.microsoft.com/developer/msbuild/2003">
  <ItemGroup>
    <Filter Include="external">
      <UniqueIdentifier>{2839F3DC-1406-4EE8-3D1F-3C90294B8376}</UniqueIdentifier>
    </Filter>
    <Filter Include="external\glad">
      <UniqueIdentifier>{2F05BA43-9BC5-357A-6400-7FF7D07F7A56}</UniqueIdentifier>
    </Filter>
    <Filter Include="external\glad\src">
      <UniqueIdentifier>{C6C2A2EE-32D9-A084-7B50-2CA6E7A5710C}</UniqueIdentifier>
    </Filter>
    <Filter Include="src">
      <UniqueIdentifier>{2DAB880B-99B4-887C-2230-9F7C8E38947C}</UniqueIdentifier>
    </Filter>
  </ItemGroup>
  <ItemGroup>
    <ClInclude Include="src\CardTypes.h">
      <Filter>src</Filter>
    </ClInclude>
    <ClInclude Include="src\CsvHandler.h">
      <Filter>src</Filter>
    </ClInclude>
    <ClInclude Include="src\FileSelector.h">
      <Filter>src</Filter>
    </ClInclude>
    <ClInclude Include="src\FilesHandler.h">
      <Filter>src</Filter>
    </ClInclude>
    <ClInclude Include="src\Game.h">
      <Filter>src</Filter>
    </ClInclude>
    <ClInclude Include="src\GameInterface.h">
      <Filter>src</Filter>
    </ClInclude>
    <ClInclude Include="src\GuiWindow.h">
      <Filter>src</Filter>
    </ClInclude>
    <ClInclude Include="src\Quiz.h">
      <Filter>src</Filter>
    </ClInclude>
    <ClInclude Include="src\QuizApp.h">
      <Filter>src</Filter>
    </ClInclude>
    <ClInclude Include="src\QuizUtils.h">
      <Filter>src</Filter>
    </ClInclude>
    <ClInclude Include="src\Renderer.h">
      <Filter>src</Filter>
    </ClInclude>
    <ClInclude Include="src\SharedResources.h">
      <Filter>src</Filter>
    </ClInclude>
    <ClInclude Include="src\Shuffles.h">
      <Filter>src</Filter>
    </ClInclude>
  </ItemGroup>
  <ItemGroup>
    <ClCompile Include="..\external\glad\src\glad.c">
      <Filter>external\glad\src</Filter>
    </ClCompile>
    <ClCompile Include="src\FileSelector.cpp">
      <Filter>src</Filter>
    </ClCompile>
    <ClCompile Include="src\Game.cpp">
      <Filter>src</Filter>
    </ClCompile>
    <ClCompile Include="src\GameInterface.cpp">
      <Filter>src</Filter>
    </ClCompile>
    <ClCompile Include="src\GuiWindow.cpp">
      <Filter>src</Filter>
    </ClCompile>
    <ClCompile Include="src\Main.cpp">
      <Filter>src</Filter>
    </ClCompile>
    <ClCompile Include="src\Quiz.cpp">
      <Filter>src</Filter>
    </ClCompile>
    <ClCompile Include="src\QuizApp.cpp">
      <Filter>src</Filter>
    </ClCompile>
    <ClCompile Include="src\Renderer.cpp">
      <Filter>src</Filter>
    </ClCompile>
  </ItemGroup>
</Project>