<?xml version="1.0" encoding="utf-8"?>
<Project ToolsVersion="17.0" xmlns="http://schemas.microsoft.com/developer/msbuild/2003">
  <ItemGroup>
    <ClCompile Include="C:\dev\randomStuff\QuizApp\QuizApp\src\FileSelector.cpp">
      <Filter>Source Files</Filter>
    </ClCompile>
    <ClCompile Include="C:\dev\randomStuff\QuizApp\QuizApp\src\Game.cpp">
      <Filter>Source Files</Filter>
    </ClCompile>
    <ClCompile Include="C:\dev\randomStuff\QuizApp\QuizApp\src\GameInterface.cpp">
      <Filter>Source Files</Filter>
    </ClCompile>
    <ClCompile Include="C:\dev\randomStuff\QuizApp\QuizApp\src\GuiWindow.cpp">
      <Filter>Source Files</Filter>
    </ClCompile>
    <ClCompile Include="C:\dev\randomStuff\QuizApp\QuizApp\src\Main.cpp">
      <Filter>Source Files</Filter>
    </ClCompile>
    <ClCompile Include="C:\dev\randomStuff\QuizApp\QuizApp\src\Quiz.cpp">
      <Filter>Source Files</Filter>
    </ClCompile>
    <ClCompile Include="C:\dev\randomStuff\QuizApp\QuizApp\src\QuizApp.cpp">
      <Filter>Source Files</Filter>
    </ClCompile>
    <ClCompile Include="C:\dev\randomStuff\QuizApp\QuizApp\src\Renderer.cpp">
      <Filter>Source Files</Filter>
    </ClCompile>
  </ItemGroup>
  <ItemGroup>
    <ClInclude Include="C:\dev\randomStuff\QuizApp\QuizApp\src\CardTypes.h">
      <Filter>Header Files</Filter>
    </ClInclude>
    <ClInclude Include="C:\dev\randomStuff\QuizApp\QuizApp\src\CsvHandler.h">
      <Filter>Header Files</Filter>
    </ClInclude>
    <ClInclude Include="C:\dev\randomStuff\QuizApp\QuizApp\src\FileSelector.h">
      <Filter>Header Files</Filter>
    </ClInclude>
    <ClInclude Include="C:\dev\randomStuff\QuizApp\QuizApp\src\FilesHandler.h">
      <Filter>Header Files</Filter>
    </ClInclude>
    <ClInclude Include="C:\dev\randomStuff\QuizApp\QuizApp\src\Game.h">
      <Filter>Header Files</Filter>
    </ClInclude>
    <ClInclude Include="C:\dev\randomStuff\QuizApp\QuizApp\src\GameInterface.h">
      <Filter>Header Files</Filter>
    </ClInclude>
    <ClInclude Include="C:\dev\randomStuff\QuizApp\QuizApp\src\GuiWindow.h">
      <Filter>Header Files</Filter>
    </ClInclude>
    <ClInclude Include="C:\dev\randomStuff\QuizApp\QuizApp\src\Quiz.h">
      <Filter>Header Files</Filter>
    </ClInclude>
    <ClInclude Include="C:\dev\randomStuff\QuizApp\QuizApp\src\QuizApp.h">
      <Filter>Header Files</Filter>
    </ClInclude>
    <ClInclude Include="C:\dev\randomStuff\QuizApp\QuizApp\src\QuizUtils.h">
      <Filter>Header Files</Filter>
    </ClInclude>
    <ClInclude Include="C:\dev\randomStuff\QuizApp\QuizApp\src\Renderer.h">
      <Filter>Header Files</Filter>
    </ClInclude>
    <ClInclude Include="C:\dev\randomStuff\QuizApp\QuizApp\src\SharedResources.h">
      <Filter>Header Files</Filter>
    </ClInclude>
    <ClInclude Include="C:\dev\randomStuff\QuizApp\QuizApp\src\Shuffles.h">
      <Filter>Header Files</Filter>
    </ClInclude>
  </ItemGroup>
  <ItemGroup>
    <CustomBuild Include="C:\dev\randomStuff\QuizApp\QuizApp\CMakeLists.txt" />
  </ItemGroup>
  <ItemGroup>
    <Filter Include="Header Files">
      <UniqueIdentifier>{8134CD0F-CA70-35E6-8F61-7B692AAC30FE}</UniqueIdentifier>
    </Filter>
    <Filter Include="Source Files">
      <UniqueIdentifier>{0D8F3E0D-8023-3629-A8E8-F4FEA3727B98}</UniqueIdentifier>
    </Filter>
  </ItemGroup>
</Project>
